# @generated - this file is auto-generated by `mise lock` https://mise.en.dev/dev-tools/mise-lock.html

[[tools.bun]]
version = "1.2.8"
backend = "core:bun"

[tools.bun."platforms.linux-arm64"]
checksum = "sha256:23083f256f2a1d155c456e12e39c51e31dc41b97c63420d9915f43bb86abeab1"
url = "https://github.com/oven-sh/bun/releases/download/bun-v1.2.8/bun-linux-aarch64.zip"

[tools.bun."platforms.linux-arm64-musl"]
checksum = "sha256:6fdc013c6397794d33c347c35fca3ca3f34589242e3cc12da156e9a91a41cacd"
url = "https://github.com/oven-sh/bun/releases/download/bun-v1.2.8/bun-linux-aarch64-musl.zip"

[tools.bun."platforms.linux-x64"]
checksum = "sha256:42b48b366760b986fe1d6a8b13c5706d26730839a8577790cd2e8f28799e9f31"
url = "https://github.com/oven-sh/bun/releases/download/bun-v1.2.8/bun-linux-x64.zip"

[tools.bun."platforms.linux-x64-baseline"]
checksum = "sha256:1d48ae3f4649d281b14efd723e49b69a44e5da9a8d7341d611a3ea58ec478ec1"
url = "https://github.com/oven-sh/bun/releases/download/bun-v1.2.8/bun-linux-x64-baseline.zip"

[tools.bun."platforms.linux-x64-musl"]
checksum = "sha256:0c49429b1bcec19e0b49afe4f61bcf73cf1e6d8503b922007095f81d2d1a2c95"
url = "https://github.com/oven-sh/bun/releases/download/bun-v1.2.8/bun-linux-x64-musl.zip"

[tools.bun."platforms.linux-x64-musl-baseline"]
checksum = "sha256:82467d47640f1b6ae1a4333dd76736000225bcdd3ce00e5f8880068420f7fb77"
url = "https://github.com/oven-sh/bun/releases/download/bun-v1.2.8/bun-linux-x64-musl-baseline.zip"

[tools.bun."platforms.macos-arm64"]
checksum = "sha256:8a806a40a037329e4fb559457267f6c4ebe8204cbbacdb03f39b349bed5aa355"
url = "https://github.com/oven-sh/bun/releases/download/bun-v1.2.8/bun-darwin-aarch64.zip"

[tools.bun."platforms.macos-x64"]
checksum = "sha256:0d0fa2220607fd460b9555a57be37a098f4ca79cea4e9936a727e4fc71b364be"
url = "https://github.com/oven-sh/bun/releases/download/bun-v1.2.8/bun-darwin-x64.zip"

[tools.bun."platforms.macos-x64-baseline"]
checksum = "sha256:bd871b9b5f5a479e3432b3b8605420792c0d38a2e8b7cfc7d378b434ff1cda88"
url = "https://github.com/oven-sh/bun/releases/download/bun-v1.2.8/bun-darwin-x64-baseline.zip"

[tools.bun."platforms.windows-x64"]
checksum = "sha256:c24ff3cf8bc96fa6d63ba5371be65ba4cb6e2e6db01539ad1f8441b3cc1c4465"
url = "https://github.com/oven-sh/bun/releases/download/bun-v1.2.8/bun-windows-x64.zip"

[tools.bun."platforms.windows-x64-baseline"]
checksum = "sha256:6278a4d7fb5b15a87b4dc8242b0e9102e0967f3e47157925152432e176370834"
url = "https://github.com/oven-sh/bun/releases/download/bun-v1.2.8/bun-windows-x64-baseline.zip"

[[tools.swiftformat]]
version = "0.55.5"
backend = "asdf:swiftformat"

[[tools.xcbeautify]]
version = "2.28.0"
backend = "ubi:cpisciotta/xcbeautify"

[tools.xcbeautify."platforms.macos-arm64-xcbeautify"]
checksum = "blake3:08017a5c40f8091261a4724fd8468ec3501aa001215a772d42006714447aca90"
